
Microsoft Visual Studio Solution File, Format Version 12.00
# Visual Studio Version 17
VisualStudioVersion = 17.11.35327.3
MinimumVisualStudioVersion = 10.0.40219.1
Project("{FAE04EC0-301F-11D3-BF4B-00C04F79EFBC}") = "Numero primo", "Numero primo\Numero primo.csproj", "{A7652A0D-B97B-4487-8C17-FA63F7095958}"
EndProject
Global
	GlobalSection(SolutionConfigurationPlatforms) = preSolution
		Debug|Any CPU = Debug|Any CPU
		Release|Any CPU = Release|Any CPU
	EndGlobalSection
	GlobalSection(ProjectConfigurationPlatforms) = postSolution
		{A7652A0D-B97B-4487-8C17-FA63F7095958}.Debug|Any CPU.ActiveCfg = Debug|Any CPU
		{A7652A0D-B97B-4487-8C17-FA63F7095958}.Debug|Any CPU.Build.0 = Debug|Any CPU
		{A7652A0D-B97B-4487-8C17-FA63F7095958}.Release|Any CPU.ActiveCfg = Release|Any CPU
		{A7652A0D-B97B-4487-8C17-FA63F7095958}.Release|Any CPU.Build.0 = Release|Any CPU
	EndGlobalSection
	GlobalSection(SolutionProperties) = preSolution
		HideSolutionNode = FALSE
	EndGlobalSection
	GlobalSection(ExtensibilityGlobals) = postSolution
		SolutionGuid = {611352BF-6902-4A94-A068-E6AEEC6FDF1D}
	EndGlobalSection
EndGlobal
